
Microsoft Visual Studio Solution File, Format Version 12.00
# Visual Studio Version 16
VisualStudioVersion = 16.0.32228.343
MinimumVisualStudioVersion = 10.0.40219.1
Project("{8BC9CEB8-8B4A-11D0-8D11-00A0C91BC942}") = "20220509", "20220509\20220509.vcxproj", "{EB0009E8-F193-4F9B-99F1-94D34303483E}"
EndProject
Global
	GlobalSection(SolutionConfigurationPlatforms) = preSolution
		Debug|x64 = Debug|x64
		Debug|x86 = Debug|x86
		Release|x64 = Release|x64
		Release|x86 = Release|x86
	EndGlobalSection
	GlobalSection(ProjectConfigurationPlatforms) = postSolution
		{EB0009E8-F193-4F9B-99F1-94D34303483E}.Debug|x64.ActiveCfg = Debug|x64
		{EB0009E8-F193-4F9B-99F1-94D34303483E}.Debug|x64.Build.0 = Debug|x64
		{EB0009E8-F193-4F9B-99F1-94D34303483E}.Debug|x86.ActiveCfg = Debug|Win32
		{EB0009E8-F193-4F9B-99F1-94D34303483E}.Debug|x86.Build.0 = Debug|Win32
		{EB0009E8-F193-4F9B-99F1-94D34303483E}.Release|x64.ActiveCfg = Release|x64
		{EB0009E8-F193-4F9B-99F1-94D34303483E}.Release|x64.Build.0 = Release|x64
		{EB0009E8-F193-4F9B-99F1-94D34303483E}.Release|x86.ActiveCfg = Release|Win32
		{EB0009E8-F193-4F9B-99F1-94D34303483E}.Release|x86.Build.0 = Release|Win32
	EndGlobalSection
	GlobalSection(SolutionProperties) = preSolution
		HideSolutionNode = FALSE
	EndGlobalSection
	GlobalSection(ExtensibilityGlobals) = postSolution
		SolutionGuid = {8F707DDA-CA2C-49D4-990A-50EB95A6917B}
	EndGlobalSection
EndGlobal
