
Microsoft Visual Studio Solution File, Format Version 12.00
# Visual Studio Version 16
VisualStudioVersion = 16.0.32228.343
MinimumVisualStudioVersion = 10.0.40219.1
Project("{8BC9CEB8-8B4A-11D0-8D11-00A0C91BC942}") = "20220604", "20220604\20220604.vcxproj", "{9197086A-51D5-4B2A-B378-93BE69F0AFC7}"
EndProject
Global
	GlobalSection(SolutionConfigurationPlatforms) = preSolution
		Debug|x64 = Debug|x64
		Debug|x86 = Debug|x86
		Release|x64 = Release|x64
		Release|x86 = Release|x86
	EndGlobalSection
	GlobalSection(ProjectConfigurationPlatforms) = postSolution
		{9197086A-51D5-4B2A-B378-93BE69F0AFC7}.Debug|x64.ActiveCfg = Debug|x64
		{9197086A-51D5-4B2A-B378-93BE69F0AFC7}.Debug|x64.Build.0 = Debug|x64
		{9197086A-51D5-4B2A-B378-93BE69F0AFC7}.Debug|x86.ActiveCfg = Debug|Win32
		{9197086A-51D5-4B2A-B378-93BE69F0AFC7}.Debug|x86.Build.0 = Debug|Win32
		{9197086A-51D5-4B2A-B378-93BE69F0AFC7}.Release|x64.ActiveCfg = Release|x64
		{9197086A-51D5-4B2A-B378-93BE69F0AFC7}.Release|x64.Build.0 = Release|x64
		{9197086A-51D5-4B2A-B378-93BE69F0AFC7}.Release|x86.ActiveCfg = Release|Win32
		{9197086A-51D5-4B2A-B378-93BE69F0AFC7}.Release|x86.Build.0 = Release|Win32
	EndGlobalSection
	GlobalSection(SolutionProperties) = preSolution
		HideSolutionNode = FALSE
	EndGlobalSection
	GlobalSection(ExtensibilityGlobals) = postSolution
		SolutionGuid = {3F0C10AE-6F73-4DD9-BEDE-4DF6575DCB27}
	EndGlobalSection
EndGlobal
